
Microsoft Visual Studio Solution File, Format Version 12.00
# Visual Studio 14
VisualStudioVersion = 14.0.23107.0
MinimumVisualStudioVersion = 10.0.40219.1
Project("{2150E333-8FDC-42A3-9474-1A3956D46DE8}") = "src", "src", "{B92AC2F6-CC68-47A7-92CD-E2F3C04F9268}"
EndProject
Project("{FAE04EC0-301F-11D3-BF4B-00C04F79EFBC}") = "SchoDotCom.WebUI", "src\SchoDotCom.WebUI\SchoDotCom.WebUI.csproj", "{724F1216-ED45-4FA9-B7DA-4E2F3FEBDEEE}"
EndProject
Global
	GlobalSection(SolutionConfigurationPlatforms) = preSolution
		Debug|Any CPU = Debug|Any CPU
		Release|Any CPU = Release|Any CPU
	EndGlobalSection
	GlobalSection(ProjectConfigurationPlatforms) = postSolution
		{724F1216-ED45-4FA9-B7DA-4E2F3FEBDEEE}.Debug|Any CPU.ActiveCfg = Debug|Any CPU
		{724F1216-ED45-4FA9-B7DA-4E2F3FEBDEEE}.Debug|Any CPU.Build.0 = Debug|Any CPU
		{724F1216-ED45-4FA9-B7DA-4E2F3FEBDEEE}.Release|Any CPU.ActiveCfg = Release|Any CPU
		{724F1216-ED45-4FA9-B7DA-4E2F3FEBDEEE}.Release|Any CPU.Build.0 = Release|Any CPU
	EndGlobalSection
	GlobalSection(SolutionProperties) = preSolution
		HideSolutionNode = FALSE
	EndGlobalSection
	GlobalSection(NestedProjects) = preSolution
		{724F1216-ED45-4FA9-B7DA-4E2F3FEBDEEE} = {B92AC2F6-CC68-47A7-92CD-E2F3C04F9268}
	EndGlobalSection
EndGlobal
